// !$*UTF8*$!
{
	archiveVersion = 1;
	classes = {
	};
	objectVersion = 77;
	objects = {

/* Begin PBXBuildFile section */
		4F807A703000D9E30043AC81 /* AppDelegate.swift in Sources */ = {isa = PBXBuildFile; fileRef = 4F807A6F3000D9E30043AC81 /* AppDelegate.swift */; };
		4F807A723000D9E30043AC81 /* SceneDelegate.swift in Sources */ = {isa = PBXBuildFile; fileRef = 4F807A713000D9E30043AC81 /* SceneDelegate.swift */; };
		4F807A753000D9E30043AC81 /* LaunchScreen.storyboard in Resources */ = {isa = PBXBuildFile; fileRef = 4F807A733000D9E30043AC81 /* LaunchScreen.storyboard */; };
		4F807A783000D9E30043AC81 /* Main.storyboard in Resources */ = {isa = PBXBuildFile; fileRef = 4F807A763000D9E30043AC81 /* Main.storyboard */; };
		4F807A813000D9E30043AC81 /* AppDelegate.swift in Sources */ = {isa = PBXBuildFile; fileRef = 4F807A803000D9E30043AC81 /* AppDelegate.swift */; };
		4F807A843000D9E30043AC81 /* Main.storyboard in Resources */ = {isa = PBXBuildFile; fileRef = 4F807A823000D9E30043AC81 /* Main.storyboard */; };
		4F807A8B3000D9E30043AC81 /* Vita Focus Extension.appex in Embed Foundation Extensions */ = {isa = PBXBuildFile; fileRef = 4F807A8A3000D9E30043AC81 /* Vita Focus Extension.appex */; settings = {ATTRIBUTES = (RemoveHeadersOnCopy, ); }; };
		4F807A953000D9E30043AC81 /* Vita Focus Extension.appex in Embed Foundation Extensions */ = {isa = PBXBuildFile; fileRef = 4F807A943000D9E30043AC81 /* Vita Focus Extension.appex */; settings = {ATTRIBUTES = (RemoveHeadersOnCopy, ); }; };
		4F807A9A3000D9E30043AC81 /* Main.html in Resources */ = {isa = PBXBuildFile; fileRef = 4F807A5F3000D9E20043AC81 /* Main.html */; };
		4F807A9B3000D9E30043AC81 /* Main.html in Resources */ = {isa = PBXBuildFile; fileRef = 4F807A5F3000D9E20043AC81 /* Main.html */; };
		4F807A9C3000D9E30043AC81 /* Icon.png in Resources */ = {isa = PBXBuildFile; fileRef = 4F807A613000D9E20043AC81 /* Icon.png */; };
		4F807A9D3000D9E30043AC81 /* Icon.png in Resources */ = {isa = PBXBuildFile; fileRef = 4F807A613000D9E20043AC81 /* Icon.png */; };
		4F807A9E3000D9E30043AC81 /* Style.css in Resources */ = {isa = PBXBuildFile; fileRef = 4F807A623000D9E20043AC81 /* Style.css */; };
		4F807A9F3000D9E30043AC81 /* Style.css in Resources */ = {isa = PBXBuildFile; fileRef = 4F807A623000D9E20043AC81 /* Style.css */; };
		4F807AA03000D9E30043AC81 /* Script.js in Resources */ = {isa = PBXBuildFile; fileRef = 4F807A633000D9E20043AC81 /* Script.js */; };
		4F807AA13000D9E30043AC81 /* Script.js in Resources */ = {isa = PBXBuildFile; fileRef = 4F807A633000D9E20043AC81 /* Script.js */; };
		4F807AA23000D9E30043AC81 /* ViewController.swift in Sources */ = {isa = PBXBuildFile; fileRef = 4F807A643000D9E20043AC81 /* ViewController.swift */; };
		4F807AA33000D9E30043AC81 /* ViewController.swift in Sources */ = {isa = PBXBuildFile; fileRef = 4F807A643000D9E20043AC81 /* ViewController.swift */; };
		4F807AA43000D9E30043AC81 /* Assets.xcassets in Resources */ = {isa = PBXBuildFile; fileRef = 4F807A653000D9E30043AC81 /* Assets.xcassets */; };
		4F807AA53000D9E30043AC81 /* Assets.xcassets in Resources */ = {isa = PBXBuildFile; fileRef = 4F807A653000D9E30043AC81 /* Assets.xcassets */; };
		4F807AA63000D9E30043AC81 /* SafariWebExtensionHandler.swift in Sources */ = {isa = PBXBuildFile; fileRef = 4F807A673000D9E30043AC81 /* SafariWebExtensionHandler.swift */; };
		4F807AA73000D9E30043AC81 /* SafariWebExtensionHandler.swift in Sources */ = {isa = PBXBuildFile; fileRef = 4F807A673000D9E30043AC81 /* SafariWebExtensionHandler.swift */; };
		4F807ABF3000D9E30043AC81 /* popup in Resources */ = {isa = PBXBuildFile; fileRef = 4F807AB93000D9E30043AC81 /* popup */; };
		4F807AC03000D9E30043AC81 /* background.js in Resources */ = {isa = PBXBuildFile; fileRef = 4F807ABA3000D9E30043AC81 /* background.js */; };
		4F807AC13000D9E30043AC81 /* content in Resources */ = {isa = PBXBuildFile; fileRef = 4F807ABB3000D9E30043AC81 /* content */; };
		4F807AC23000D9E30043AC81 /* shared in Resources */ = {isa = PBXBuildFile; fileRef = 4F807ABC3000D9E30043AC81 /* shared */; };
		4F807AC33000D9E30043AC81 /* icons in Resources */ = {isa = PBXBuildFile; fileRef = 4F807ABD3000D9E30043AC81 /* icons */; };
		4F807AC43000D9E30043AC81 /* manifest.json in Resources */ = {isa = PBXBuildFile; fileRef = 4F807ABE3000D9E30043AC81 /* manifest.json */; };
		4F807AC53000D9E30043AC81 /* popup in Resources */ = {isa = PBXBuildFile; fileRef = 4F807AB93000D9E30043AC81 /* popup */; };
		4F807AC63000D9E30043AC81 /* background.js in Resources */ = {isa = PBXBuildFile; fileRef = 4F807ABA3000D9E30043AC81 /* background.js */; };
		4F807AC73000D9E30043AC81 /* content in Resources */ = {isa = PBXBuildFile; fileRef = 4F807ABB3000D9E30043AC81 /* content */; };
		4F807AC83000D9E30043AC81 /* shared in Resources */ = {isa = PBXBuildFile; fileRef = 4F807ABC3000D9E30043AC81 /* shared */; };
		4F807AC93000D9E30043AC81 /* icons in Resources */ = {isa = PBXBuildFile; fileRef = 4F807ABD3000D9E30043AC81 /* icons */; };
		4F807ACA3000D9E30043AC81 /* manifest.json in Resources */ = {isa = PBXBuildFile; fileRef = 4F807ABE3000D9E30043AC81 /* manifest.json */; };
		4F807AE5000D9E30043AC81 /* FocusShared.swift in Sources */ = {isa = PBXBuildFile; fileRef = 4F807ADD000D9E30043AC81 /* FocusShared.swift */; };
		4F807AE6000D9E30043AC81 /* FocusShared.swift in Sources */ = {isa = PBXBuildFile; fileRef = 4F807ADD000D9E30043AC81 /* FocusShared.swift */; };
		4F807AE7000D9E30043AC81 /* FocusShared.swift in Sources */ = {isa = PBXBuildFile; fileRef = 4F807ADD000D9E30043AC81 /* FocusShared.swift */; };
		4F807AE8000D9E30043AC81 /* VitaFocusWidgets.swift in Sources */ = {isa = PBXBuildFile; fileRef = 4F807ADE000D9E30043AC81 /* VitaFocusWidgets.swift */; };
		4F807AE9000D9E30043AC81 /* FocusDeepLinks+App.swift in Sources */ = {isa = PBXBuildFile; fileRef = 4F807AEA000D9E30043AC81 /* FocusDeepLinks+App.swift */; };
		4F807AEC000D9E30043AC81 /* PrivacyInfo.xcprivacy in Resources */ = {isa = PBXBuildFile; fileRef = 4F807AEB000D9E30043AC81 /* PrivacyInfo.xcprivacy */; };
		4F807AED000D9E30043AC81 /* PrivacyInfo.xcprivacy in Resources */ = {isa = PBXBuildFile; fileRef = 4F807AEB000D9E30043AC81 /* PrivacyInfo.xcprivacy */; };
		4F807AEE000D9E30043AC81 /* PrivacyInfo.xcprivacy in Resources */ = {isa = PBXBuildFile; fileRef = 4F807AEB000D9E30043AC81 /* PrivacyInfo.xcprivacy */; };
		4F807AD3000D9E30043AC81 /* Vita Focus Widget.appex in Embed App Extensions */ = {isa = PBXBuildFile; fileRef = 4F807AD2000D9E30043AC81 /* Vita Focus Widget.appex */; settings = {ATTRIBUTES = (RemoveHeadersOnCopy, ); }; };
/* End PBXBuildFile section */

/* Begin PBXContainerItemProxy section */
		4F807A8C3000D9E30043AC81 /* PBXContainerItemProxy */ = {
			isa = PBXContainerItemProxy;
			containerPortal = 4F807A593000D9E10043AC81 /* Project object */;
			proxyType = 1;
			remoteGlobalIDString = 4F807A893000D9E30043AC81;
			remoteInfo = "Vita Focus Extension (iOS)";
		};
		4F807A963000D9E30043AC81 /* PBXContainerItemProxy */ = {
			isa = PBXContainerItemProxy;
			containerPortal = 4F807A593000D9E10043AC81 /* Project object */;
			proxyType = 1;
			remoteGlobalIDString = 4F807A933000D9E30043AC81;
			remoteInfo = "Vita Focus Extension (macOS)";
		};
		4F807AD4000D9E30043AC81 /* PBXContainerItemProxy */ = {
			isa = PBXContainerItemProxy;
			containerPortal = 4F807A593000D9E10043AC81 /* Project object */;
			proxyType = 1;
			remoteGlobalIDString = 4F807AD1000D9E30043AC81;
			remoteInfo = "Vita Focus Widget (iOS)";
		};
/* End PBXContainerItemProxy section */

/* Begin PBXCopyFilesBuildPhase section */
		4F807AAD3000D9E30043AC81 /* Embed Foundation Extensions */ = {
			isa = PBXCopyFilesBuildPhase;
			buildActionMask = 2147483647;
			dstPath = "";
			dstSubfolderSpec = 13;
			files = (
				4F807A8B3000D9E30043AC81 /* Vita Focus Extension.appex in Embed Foundation Extensions */,
			);
			name = "Embed Foundation Extensions";
			runOnlyForDeploymentPostprocessing = 0;
		};
		4F807AB43000D9E30043AC81 /* Embed Foundation Extensions */ = {
			isa = PBXCopyFilesBuildPhase;
			buildActionMask = 2147483647;
			dstPath = "";
			dstSubfolderSpec = 13;
			files = (
				4F807A953000D9E30043AC81 /* Vita Focus Extension.appex in Embed Foundation Extensions */,
			);
			name = "Embed Foundation Extensions";
			runOnlyForDeploymentPostprocessing = 0;
		};
		4F807AD6000D9E30043AC81 /* Embed App Extensions */ = {
			isa = PBXCopyFilesBuildPhase;
			buildActionMask = 2147483647;
			dstPath = "";
			dstSubfolderSpec = 13;
			files = (
				4F807AD3000D9E30043AC81 /* Vita Focus Widget.appex in Embed App Extensions */,
			);
			name = "Embed App Extensions";
			runOnlyForDeploymentPostprocessing = 0;
		};
/* End PBXCopyFilesBuildPhase section */

/* Begin PBXFileReference section */
		4F807A603000D9E20043AC81 /* Base */ = {isa = PBXFileReference; lastKnownFileType = text.html; name = Base; path = Base.lproj/Main.html; sourceTree = "<group>"; };
		4F807A613000D9E20043AC81 /* Icon.png */ = {isa = PBXFileReference; lastKnownFileType = image.png; path = Icon.png; sourceTree = "<group>"; };
		4F807A623000D9E20043AC81 /* Style.css */ = {isa = PBXFileReference; lastKnownFileType = text.css; path = Style.css; sourceTree = "<group>"; };
		4F807A633000D9E20043AC81 /* Script.js */ = {isa = PBXFileReference; lastKnownFileType = sourcecode.javascript; path = Script.js; sourceTree = "<group>"; };
		4F807A643000D9E20043AC81 /* ViewController.swift */ = {isa = PBXFileReference; lastKnownFileType = sourcecode.swift; path = ViewController.swift; sourceTree = "<group>"; };
		4F807A653000D9E30043AC81 /* Assets.xcassets */ = {isa = PBXFileReference; lastKnownFileType = folder.assetcatalog; path = Assets.xcassets; sourceTree = "<group>"; };
		4F807A673000D9E30043AC81 /* SafariWebExtensionHandler.swift */ = {isa = PBXFileReference; lastKnownFileType = sourcecode.swift; path = SafariWebExtensionHandler.swift; sourceTree = "<group>"; };
		4F807A6C3000D9E30043AC81 /* Vita Focus.app */ = {isa = PBXFileReference; explicitFileType = wrapper.application; includeInIndex = 0; path = "Vita Focus.app"; sourceTree = BUILT_PRODUCTS_DIR; };
		4F807A6F3000D9E30043AC81 /* AppDelegate.swift */ = {isa = PBXFileReference; lastKnownFileType = sourcecode.swift; path = AppDelegate.swift; sourceTree = "<group>"; };
		4F807A713000D9E30043AC81 /* SceneDelegate.swift */ = {isa = PBXFileReference; lastKnownFileType = sourcecode.swift; path = SceneDelegate.swift; sourceTree = "<group>"; };
		4F807A743000D9E30043AC81 /* Base */ = {isa = PBXFileReference; lastKnownFileType = file.storyboard; name = Base; path = Base.lproj/LaunchScreen.storyboard; sourceTree = "<group>"; };
		4F807A773000D9E30043AC81 /* Base */ = {isa = PBXFileReference; lastKnownFileType = file.storyboard; name = Base; path = Base.lproj/Main.storyboard; sourceTree = "<group>"; };
		4F807A793000D9E30043AC81 /* Info.plist */ = {isa = PBXFileReference; lastKnownFileType = text.plist.xml; path = Info.plist; sourceTree = "<group>"; };
		4F807A7E3000D9E30043AC81 /* Vita Focus.app */ = {isa = PBXFileReference; explicitFileType = wrapper.application; includeInIndex = 0; path = "Vita Focus.app"; sourceTree = BUILT_PRODUCTS_DIR; };
		4F807A803000D9E30043AC81 /* AppDelegate.swift */ = {isa = PBXFileReference; lastKnownFileType = sourcecode.swift; path = AppDelegate.swift; sourceTree = "<group>"; };
		4F807A833000D9E30043AC81 /* Base */ = {isa = PBXFileReference; lastKnownFileType = file.storyboard; name = Base; path = Base.lproj/Main.storyboard; sourceTree = "<group>"; };
		4F807A853000D9E30043AC81 /* Info.plist */ = {isa = PBXFileReference; lastKnownFileType = text.plist.xml; path = Info.plist; sourceTree = "<group>"; };
		4F807A8A3000D9E30043AC81 /* Vita Focus Extension.appex */ = {isa = PBXFileReference; explicitFileType = "wrapper.app-extension"; includeInIndex = 0; path = "Vita Focus Extension.appex"; sourceTree = BUILT_PRODUCTS_DIR; };
		4F807A8F3000D9E30043AC81 /* Info.plist */ = {isa = PBXFileReference; lastKnownFileType = text.plist.xml; path = Info.plist; sourceTree = "<group>"; };
		4F807A943000D9E30043AC81 /* Vita Focus Extension.appex */ = {isa = PBXFileReference; explicitFileType = "wrapper.app-extension"; includeInIndex = 0; path = "Vita Focus Extension.appex"; sourceTree = BUILT_PRODUCTS_DIR; };
		4F807A993000D9E30043AC81 /* Info.plist */ = {isa = PBXFileReference; lastKnownFileType = text.plist.xml; path = Info.plist; sourceTree = "<group>"; };
		4F807AB93000D9E30043AC81 /* popup */ = {isa = PBXFileReference; lastKnownFileType = folder; name = popup; path = Resources/popup; sourceTree = "<group>"; };
		4F807ABA3000D9E30043AC81 /* background.js */ = {isa = PBXFileReference; lastKnownFileType = sourcecode.javascript; name = background.js; path = Resources/background.js; sourceTree = "<group>"; };
		4F807ABB3000D9E30043AC81 /* content */ = {isa = PBXFileReference; lastKnownFileType = folder; name = content; path = Resources/content; sourceTree = "<group>"; };
		4F807ABC3000D9E30043AC81 /* shared */ = {isa = PBXFileReference; lastKnownFileType = folder; name = shared; path = Resources/shared; sourceTree = "<group>"; };
		4F807ABD3000D9E30043AC81 /* icons */ = {isa = PBXFileReference; lastKnownFileType = folder; name = icons; path = Resources/icons; sourceTree = "<group>"; };
		4F807ABE3000D9E30043AC81 /* manifest.json */ = {isa = PBXFileReference; lastKnownFileType = text.json; name = manifest.json; path = Resources/manifest.json; sourceTree = "<group>"; };
		4F807AD2000D9E30043AC81 /* Vita Focus Widget.appex */ = {isa = PBXFileReference; explicitFileType = "wrapper.app-extension"; includeInIndex = 0; path = "Vita Focus Widget.appex"; sourceTree = BUILT_PRODUCTS_DIR; };
		4F807ADD000D9E30043AC81 /* FocusShared.swift */ = {isa = PBXFileReference; lastKnownFileType = sourcecode.swift; path = FocusShared.swift; sourceTree = "<group>"; };
		4F807ADE000D9E30043AC81 /* VitaFocusWidgets.swift */ = {isa = PBXFileReference; lastKnownFileType = sourcecode.swift; path = VitaFocusWidgets.swift; sourceTree = "<group>"; };
		4F807ADF000D9E30043AC81 /* Info.plist */ = {isa = PBXFileReference; lastKnownFileType = text.plist.xml; path = Info.plist; sourceTree = "<group>"; };
		4F807AE0000D9E30043AC81 /* VitaFocusWidget.entitlements */ = {isa = PBXFileReference; lastKnownFileType = text.plist.entitlements; path = VitaFocusWidget.entitlements; sourceTree = "<group>"; };
		4F807AE1000D9E30043AC81 /* VitaFocus.entitlements */ = {isa = PBXFileReference; lastKnownFileType = text.plist.entitlements; path = VitaFocus.entitlements; sourceTree = "<group>"; };
		4F807AE2000D9E30043AC81 /* VitaFocusExtension.entitlements */ = {isa = PBXFileReference; lastKnownFileType = text.plist.entitlements; path = VitaFocusExtension.entitlements; sourceTree = "<group>"; };
		4F807AEA000D9E30043AC81 /* FocusDeepLinks+App.swift */ = {isa = PBXFileReference; lastKnownFileType = sourcecode.swift; path = "FocusDeepLinks+App.swift"; sourceTree = "<group>"; };
		4F807AEB000D9E30043AC81 /* PrivacyInfo.xcprivacy */ = {isa = PBXFileReference; lastKnownFileType = text.xml; path = PrivacyInfo.xcprivacy; sourceTree = "<group>"; };
/* End PBXFileReference section */

/* Begin PBXFrameworksBuildPhase section */
		4F807A693000D9E30043AC81 /* Frameworks */ = {
			isa = PBXFrameworksBuildPhase;
			buildActionMask = 2147483647;
			files = (
			);
			runOnlyForDeploymentPostprocessing = 0;
		};
		4F807A7B3000D9E30043AC81 /* Frameworks */ = {
			isa = PBXFrameworksBuildPhase;
			buildActionMask = 2147483647;
			files = (
			);
			runOnlyForDeploymentPostprocessing = 0;
		};
		4F807A873000D9E30043AC81 /* Frameworks */ = {
			isa = PBXFrameworksBuildPhase;
			buildActionMask = 2147483647;
			files = (
			);
			runOnlyForDeploymentPostprocessing = 0;
		};
		4F807A913000D9E30043AC81 /* Frameworks */ = {
			isa = PBXFrameworksBuildPhase;
			buildActionMask = 2147483647;
			files = (
			);
			runOnlyForDeploymentPostprocessing = 0;
		};
		4F807AD8000D9E30043AC81 /* Frameworks */ = {
			isa = PBXFrameworksBuildPhase;
			buildActionMask = 2147483647;
			files = (
			);
			runOnlyForDeploymentPostprocessing = 0;
		};
/* End PBXFrameworksBuildPhase section */

/* Begin PBXGroup section */
		4F807A583000D9E10043AC81 = {
			isa = PBXGroup;
			children = (
				4F807AE3000D9E30043AC81 /* Shared */,
				4F807A5D3000D9E20043AC81 /* Shared (App) */,
				4F807A663000D9E30043AC81 /* Shared (Extension) */,
				4F807A6E3000D9E30043AC81 /* iOS (App) */,
				4F807A7F3000D9E30043AC81 /* macOS (App) */,
				4F807A8E3000D9E30043AC81 /* iOS (Extension) */,
				4F807A983000D9E30043AC81 /* macOS (Extension) */,
				4F807AE4000D9E30043AC81 /* iOS (Widget) */,
				4F807A6D3000D9E30043AC81 /* Products */,
			);
			sourceTree = "<group>";
		};
		4F807A5D3000D9E20043AC81 /* Shared (App) */ = {
			isa = PBXGroup;
			children = (
				4F807A643000D9E20043AC81 /* ViewController.swift */,
				4F807A653000D9E30043AC81 /* Assets.xcassets */,
				4F807A5E3000D9E20043AC81 /* Resources */,
			);
			path = "Shared (App)";
			sourceTree = "<group>";
		};
		4F807A5E3000D9E20043AC81 /* Resources */ = {
			isa = PBXGroup;
			children = (
				4F807A5F3000D9E20043AC81 /* Main.html */,
				4F807A613000D9E20043AC81 /* Icon.png */,
				4F807A623000D9E20043AC81 /* Style.css */,
				4F807A633000D9E20043AC81 /* Script.js */,
			);
			path = Resources;
			sourceTree = "<group>";
		};
		4F807A663000D9E30043AC81 /* Shared (Extension) */ = {
			isa = PBXGroup;
			children = (
				4F807AB83000D9E30043AC81 /* Resources */,
				4F807A673000D9E30043AC81 /* SafariWebExtensionHandler.swift */,
			);
			path = "Shared (Extension)";
			sourceTree = "<group>";
		};
		4F807A6D3000D9E30043AC81 /* Products */ = {
			isa = PBXGroup;
			children = (
				4F807A6C3000D9E30043AC81 /* Vita Focus.app */,
				4F807A7E3000D9E30043AC81 /* Vita Focus.app */,
				4F807A8A3000D9E30043AC81 /* Vita Focus Extension.appex */,
				4F807A943000D9E30043AC81 /* Vita Focus Extension.appex */,
				4F807AD2000D9E30043AC81 /* Vita Focus Widget.appex */,
			);
			name = Products;
			sourceTree = "<group>";
		};
		4F807A6E3000D9E30043AC81 /* iOS (App) */ = {
			isa = PBXGroup;
			children = (
				4F807AE1000D9E30043AC81 /* VitaFocus.entitlements */,
				4F807A6F3000D9E30043AC81 /* AppDelegate.swift */,
				4F807A713000D9E30043AC81 /* SceneDelegate.swift */,
				4F807AEA000D9E30043AC81 /* FocusDeepLinks+App.swift */,
				4F807A733000D9E30043AC81 /* LaunchScreen.storyboard */,
				4F807A763000D9E30043AC81 /* Main.storyboard */,
				4F807A793000D9E30043AC81 /* Info.plist */,
			);
			path = "iOS (App)";
			sourceTree = "<group>";
		};
		4F807A7F3000D9E30043AC81 /* macOS (App) */ = {
			isa = PBXGroup;
			children = (
				4F807A803000D9E30043AC81 /* AppDelegate.swift */,
				4F807A823000D9E30043AC81 /* Main.storyboard */,
				4F807A853000D9E30043AC81 /* Info.plist */,
			);
			path = "macOS (App)";
			sourceTree = "<group>";
		};
		4F807A8E3000D9E30043AC81 /* iOS (Extension) */ = {
			isa = PBXGroup;
			children = (
				4F807AE2000D9E30043AC81 /* VitaFocusExtension.entitlements */,
				4F807A8F3000D9E30043AC81 /* Info.plist */,
			);
			path = "iOS (Extension)";
			sourceTree = "<group>";
		};
		4F807A983000D9E30043AC81 /* macOS (Extension) */ = {
			isa = PBXGroup;
			children = (
				4F807A993000D9E30043AC81 /* Info.plist */,
			);
			path = "macOS (Extension)";
			sourceTree = "<group>";
		};
		4F807AB83000D9E30043AC81 /* Resources */ = {
			isa = PBXGroup;
			children = (
				4F807AB93000D9E30043AC81 /* popup */,
				4F807ABA3000D9E30043AC81 /* background.js */,
				4F807ABB3000D9E30043AC81 /* content */,
				4F807ABC3000D9E30043AC81 /* shared */,
				4F807ABD3000D9E30043AC81 /* icons */,
				4F807ABE3000D9E30043AC81 /* manifest.json */,
			);
			name = Resources;
			path = "Shared (Extension)";
			sourceTree = SOURCE_ROOT;
		};
		4F807AE3000D9E30043AC81 /* Shared */ = {
			isa = PBXGroup;
			children = (
				4F807ADD000D9E30043AC81 /* FocusShared.swift */,
				4F807AEB000D9E30043AC81 /* PrivacyInfo.xcprivacy */,
			);
			path = Shared;
			sourceTree = "<group>";
		};
		4F807AE4000D9E30043AC81 /* iOS (Widget) */ = {
			isa = PBXGroup;
			children = (
				4F807ADE000D9E30043AC81 /* VitaFocusWidgets.swift */,
				4F807ADF000D9E30043AC81 /* Info.plist */,
				4F807AE0000D9E30043AC81 /* VitaFocusWidget.entitlements */,
			);
			path = "iOS (Widget)";
			sourceTree = "<group>";
		};
/* End PBXGroup section */

/* Begin PBXNativeTarget section */
		4F807A6B3000D9E30043AC81 /* Vita Focus (iOS) */ = {
			isa = PBXNativeTarget;
			buildConfigurationList = 4F807AAE3000D9E30043AC81 /* Build configuration list for PBXNativeTarget "Vita Focus (iOS)" */;
			buildPhases = (
				4F807A683000D9E30043AC81 /* Sources */,
				4F807A693000D9E30043AC81 /* Frameworks */,
				4F807A6A3000D9E30043AC81 /* Resources */,
				4F807AAD3000D9E30043AC81 /* Embed Foundation Extensions */,
				4F807AD6000D9E30043AC81 /* Embed App Extensions */,
			);
			buildRules = (
			);
			dependencies = (
				4F807A8D3000D9E30043AC81 /* PBXTargetDependency */,
				4F807AD5000D9E30043AC81 /* PBXTargetDependency */,
			);
			name = "Vita Focus (iOS)";
			packageProductDependencies = (
			);
			productName = "Vita Focus (iOS)";
			productReference = 4F807A6C3000D9E30043AC81 /* Vita Focus.app */;
			productType = "com.apple.product-type.application";
		};
		4F807A7D3000D9E30043AC81 /* Vita Focus (macOS) */ = {
			isa = PBXNativeTarget;
			buildConfigurationList = 4F807AB53000D9E30043AC81 /* Build configuration list for PBXNativeTarget "Vita Focus (macOS)" */;
			buildPhases = (
				4F807A7A3000D9E30043AC81 /* Sources */,
				4F807A7B3000D9E30043AC81 /* Frameworks */,
				4F807A7C3000D9E30043AC81 /* Resources */,
				4F807AB43000D9E30043AC81 /* Embed Foundation Extensions */,
			);
			buildRules = (
			);
			dependencies = (
				4F807A973000D9E30043AC81 /* PBXTargetDependency */,
			);
			name = "Vita Focus (macOS)";
			packageProductDependencies = (
			);
			productName = "Vita Focus (macOS)";
			productReference = 4F807A7E3000D9E30043AC81 /* Vita Focus.app */;
			productType = "com.apple.product-type.application";
		};
		4F807A893000D9E30043AC81 /* Vita Focus Extension (iOS) */ = {
			isa = PBXNativeTarget;
			buildConfigurationList = 4F807AAA3000D9E30043AC81 /* Build configuration list for PBXNativeTarget "Vita Focus Extension (iOS)" */;
			buildPhases = (
				4F807A863000D9E30043AC81 /* Sources */,
				4F807A873000D9E30043AC81 /* Frameworks */,
				4F807A883000D9E30043AC81 /* Resources */,
			);
			buildRules = (
			);
			dependencies = (
			);
			name = "Vita Focus Extension (iOS)";
			packageProductDependencies = (
			);
			productName = "Vita Focus Extension (iOS)";
			productReference = 4F807A8A3000D9E30043AC81 /* Vita Focus Extension.appex */;
			productType = "com.apple.product-type.app-extension";
		};
		4F807A933000D9E30043AC81 /* Vita Focus Extension (macOS) */ = {
			isa = PBXNativeTarget;
			buildConfigurationList = 4F807AB13000D9E30043AC81 /* Build configuration list for PBXNativeTarget "Vita Focus Extension (macOS)" */;
			buildPhases = (
				4F807A903000D9E30043AC81 /* Sources */,
				4F807A913000D9E30043AC81 /* Frameworks */,
				4F807A923000D9E30043AC81 /* Resources */,
			);
			buildRules = (
			);
			dependencies = (
			);
			name = "Vita Focus Extension (macOS)";
			packageProductDependencies = (
			);
			productName = "Vita Focus Extension (macOS)";
			productReference = 4F807A943000D9E30043AC81 /* Vita Focus Extension.appex */;
			productType = "com.apple.product-type.app-extension";
		};
		4F807AD1000D9E30043AC81 /* Vita Focus Widget (iOS) */ = {
			isa = PBXNativeTarget;
			buildConfigurationList = 4F807ADA000D9E30043AC81 /* Build configuration list for PBXNativeTarget "Vita Focus Widget (iOS)" */;
			buildPhases = (
				4F807AD7000D9E30043AC81 /* Sources */,
				4F807AD8000D9E30043AC81 /* Frameworks */,
				4F807AD9000D9E30043AC81 /* Resources */,
			);
			buildRules = (
			);
			dependencies = (
			);
			name = "Vita Focus Widget (iOS)";
			productName = "Vita Focus Widget";
			productReference = 4F807AD2000D9E30043AC81 /* Vita Focus Widget.appex */;
			productType = "com.apple.product-type.app-extension";
		};
/* End PBXNativeTarget section */

/* Begin PBXProject section */
		4F807A593000D9E10043AC81 /* Project object */ = {
			isa = PBXProject;
			attributes = {
				BuildIndependentTargetsInParallel = 1;
				LastSwiftUpdateCheck = 2660;
				LastUpgradeCheck = 2660;
				TargetAttributes = {
					4F807A6B3000D9E30043AC81 = {
						CreatedOnToolsVersion = 26.6;
					};
					4F807A7D3000D9E30043AC81 = {
						CreatedOnToolsVersion = 26.6;
					};
					4F807A893000D9E30043AC81 = {
						CreatedOnToolsVersion = 26.6;
					};
					4F807A933000D9E30043AC81 = {
						CreatedOnToolsVersion = 26.6;
					};
					4F807AD1000D9E30043AC81 = {
						CreatedOnToolsVersion = 26.6;
					};
				};
			};
			buildConfigurationList = 4F807A5C3000D9E10043AC81 /* Build configuration list for PBXProject "Vita Focus" */;
			developmentRegion = en;
			hasScannedForEncodings = 0;
			knownRegions = (
				en,
				Base,
			);
			mainGroup = 4F807A583000D9E10043AC81;
			minimizedProjectReferenceProxies = 1;
			preferredProjectObjectVersion = 77;
			productRefGroup = 4F807A6D3000D9E30043AC81 /* Products */;
			projectDirPath = "";
			projectRoot = "";
			targets = (
				4F807A6B3000D9E30043AC81 /* Vita Focus (iOS) */,
				4F807A7D3000D9E30043AC81 /* Vita Focus (macOS) */,
				4F807A893000D9E30043AC81 /* Vita Focus Extension (iOS) */,
				4F807A933000D9E30043AC81 /* Vita Focus Extension (macOS) */,
				4F807AD1000D9E30043AC81 /* Vita Focus Widget (iOS) */,
			);
		};
/* End PBXProject section */

/* Begin PBXResourcesBuildPhase section */
		4F807A6A3000D9E30043AC81 /* Resources */ = {
			isa = PBXResourcesBuildPhase;
			buildActionMask = 2147483647;
			files = (
				4F807AEC000D9E30043AC81 /* PrivacyInfo.xcprivacy in Resources */,
				4F807A9C3000D9E30043AC81 /* Icon.png in Resources */,
				4F807A753000D9E30043AC81 /* LaunchScreen.storyboard in Resources */,
				4F807A9A3000D9E30043AC81 /* Main.html in Resources */,
				4F807AA03000D9E30043AC81 /* Script.js in Resources */,
				4F807AA43000D9E30043AC81 /* Assets.xcassets in Resources */,
				4F807A783000D9E30043AC81 /* Main.storyboard in Resources */,
				4F807A9E3000D9E30043AC81 /* Style.css in Resources */,
			);
			runOnlyForDeploymentPostprocessing = 0;
		};
		4F807A7C3000D9E30043AC81 /* Resources */ = {
			isa = PBXResourcesBuildPhase;
			buildActionMask = 2147483647;
			files = (
				4F807A9D3000D9E30043AC81 /* Icon.png in Resources */,
				4F807A9F3000D9E30043AC81 /* Style.css in Resources */,
				4F807A843000D9E30043AC81 /* Main.storyboard in Resources */,
				4F807AA13000D9E30043AC81 /* Script.js in Resources */,
				4F807AA53000D9E30043AC81 /* Assets.xcassets in Resources */,
				4F807A9B3000D9E30043AC81 /* Main.html in Resources */,
			);
			runOnlyForDeploymentPostprocessing = 0;
		};
		4F807A883000D9E30043AC81 /* Resources */ = {
			isa = PBXResourcesBuildPhase;
			buildActionMask = 2147483647;
			files = (
				4F807AED000D9E30043AC81 /* PrivacyInfo.xcprivacy in Resources */,
				4F807AC73000D9E30043AC81 /* content in Resources */,
				4F807AC83000D9E30043AC81 /* shared in Resources */,
				4F807AC63000D9E30043AC81 /* background.js in Resources */,
				4F807AC93000D9E30043AC81 /* icons in Resources */,
				4F807ACA3000D9E30043AC81 /* manifest.json in Resources */,
				4F807AC53000D9E30043AC81 /* popup in Resources */,
			);
			runOnlyForDeploymentPostprocessing = 0;
		};
		4F807A923000D9E30043AC81 /* Resources */ = {
			isa = PBXResourcesBuildPhase;
			buildActionMask = 2147483647;
			files = (
				4F807AC13000D9E30043AC81 /* content in Resources */,
				4F807AC23000D9E30043AC81 /* shared in Resources */,
				4F807AC03000D9E30043AC81 /* background.js in Resources */,
				4F807AC33000D9E30043AC81 /* icons in Resources */,
				4F807AC43000D9E30043AC81 /* manifest.json in Resources */,
				4F807ABF3000D9E30043AC81 /* popup in Resources */,
			);
			runOnlyForDeploymentPostprocessing = 0;
		};
		4F807AD9000D9E30043AC81 /* Resources */ = {
			isa = PBXResourcesBuildPhase;
			buildActionMask = 2147483647;
			files = (
				4F807AEE000D9E30043AC81 /* PrivacyInfo.xcprivacy in Resources */,
			);
			runOnlyForDeploymentPostprocessing = 0;
		};
/* End PBXResourcesBuildPhase section */

/* Begin PBXSourcesBuildPhase section */
		4F807A683000D9E30043AC81 /* Sources */ = {
			isa = PBXSourcesBuildPhase;
			buildActionMask = 2147483647;
			files = (
				4F807AA23000D9E30043AC81 /* ViewController.swift in Sources */,
				4F807A703000D9E30043AC81 /* AppDelegate.swift in Sources */,
				4F807A723000D9E30043AC81 /* SceneDelegate.swift in Sources */,
				4F807AE9000D9E30043AC81 /* FocusDeepLinks+App.swift in Sources */,
				4F807AE5000D9E30043AC81 /* FocusShared.swift in Sources */,
			);
			runOnlyForDeploymentPostprocessing = 0;
		};
		4F807A7A3000D9E30043AC81 /* Sources */ = {
			isa = PBXSourcesBuildPhase;
			buildActionMask = 2147483647;
			files = (
				4F807AA33000D9E30043AC81 /* ViewController.swift in Sources */,
				4F807A813000D9E30043AC81 /* AppDelegate.swift in Sources */,
			);
			runOnlyForDeploymentPostprocessing = 0;
		};
		4F807A863000D9E30043AC81 /* Sources */ = {
			isa = PBXSourcesBuildPhase;
			buildActionMask = 2147483647;
			files = (
				4F807AA63000D9E30043AC81 /* SafariWebExtensionHandler.swift in Sources */,
				4F807AE6000D9E30043AC81 /* FocusShared.swift in Sources */,
			);
			runOnlyForDeploymentPostprocessing = 0;
		};
		4F807A903000D9E30043AC81 /* Sources */ = {
			isa = PBXSourcesBuildPhase;
			buildActionMask = 2147483647;
			files = (
				4F807AA73000D9E30043AC81 /* SafariWebExtensionHandler.swift in Sources */,
			);
			runOnlyForDeploymentPostprocessing = 0;
		};
		4F807AD7000D9E30043AC81 /* Sources */ = {
			isa = PBXSourcesBuildPhase;
			buildActionMask = 2147483647;
			files = (
				4F807AE8000D9E30043AC81 /* VitaFocusWidgets.swift in Sources */,
				4F807AE7000D9E30043AC81 /* FocusShared.swift in Sources */,
			);
			runOnlyForDeploymentPostprocessing = 0;
		};
/* End PBXSourcesBuildPhase section */

/* Begin PBXTargetDependency section */
		4F807A8D3000D9E30043AC81 /* PBXTargetDependency */ = {
			isa = PBXTargetDependency;
			target = 4F807A893000D9E30043AC81 /* Vita Focus Extension (iOS) */;
			targetProxy = 4F807A8C3000D9E30043AC81 /* PBXContainerItemProxy */;
		};
		4F807A973000D9E30043AC81 /* PBXTargetDependency */ = {
			isa = PBXTargetDependency;
			target = 4F807A933000D9E30043AC81 /* Vita Focus Extension (macOS) */;
			targetProxy = 4F807A963000D9E30043AC81 /* PBXContainerItemProxy */;
		};
		4F807AD5000D9E30043AC81 /* PBXTargetDependency */ = {
			isa = PBXTargetDependency;
			target = 4F807AD1000D9E30043AC81 /* Vita Focus Widget (iOS) */;
			targetProxy = 4F807AD4000D9E30043AC81 /* PBXContainerItemProxy */;
		};
/* End PBXTargetDependency section */

/* Begin PBXVariantGroup section */
		4F807A5F3000D9E20043AC81 /* Main.html */ = {
			isa = PBXVariantGroup;
			children = (
				4F807A603000D9E20043AC81 /* Base */,
			);
			name = Main.html;
			sourceTree = "<group>";
		};
		4F807A733000D9E30043AC81 /* LaunchScreen.storyboard */ = {
			isa = PBXVariantGroup;
			children = (
				4F807A743000D9E30043AC81 /* Base */,
			);
			name = LaunchScreen.storyboard;
			sourceTree = "<group>";
		};
		4F807A763000D9E30043AC81 /* Main.storyboard */ = {
			isa = PBXVariantGroup;
			children = (
				4F807A773000D9E30043AC81 /* Base */,
			);
			name = Main.storyboard;
			sourceTree = "<group>";
		};
		4F807A823000D9E30043AC81 /* Main.storyboard */ = {
			isa = PBXVariantGroup;
			children = (
				4F807A833000D9E30043AC81 /* Base */,
			);
			name = Main.storyboard;
			sourceTree = "<group>";
		};
/* End PBXVariantGroup section */

/* Begin XCBuildConfiguration section */
		4F807AA83000D9E30043AC81 /* Debug */ = {
			isa = XCBuildConfiguration;
			buildSettings = {
				ALWAYS_SEARCH_USER_PATHS = NO;
				ASSETCATALOG_COMPILER_GENERATE_SWIFT_ASSET_SYMBOL_EXTENSIONS = YES;
				CLANG_ANALYZER_NONNULL = YES;
				CLANG_ANALYZER_NUMBER_OBJECT_CONVERSION = YES_AGGRESSIVE;
				CLANG_CXX_LANGUAGE_STANDARD = "gnu++20";
				CLANG_ENABLE_MODULES = YES;
				CLANG_ENABLE_OBJC_ARC = YES;
				CLANG_ENABLE_OBJC_WEAK = YES;
				CLANG_WARN_BLOCK_CAPTURE_AUTORELEASING = YES;
				CLANG_WARN_BOOL_CONVERSION = YES;
				CLANG_WARN_COMMA = YES;
				CLANG_WARN_CONSTANT_CONVERSION = YES;
				CLANG_WARN_DEPRECATED_OBJC_IMPLEMENTATIONS = YES;
				CLANG_WARN_DIRECT_OBJC_ISA_USAGE = YES_ERROR;
				CLANG_WARN_DOCUMENTATION_COMMENTS = YES;
				CLANG_WARN_EMPTY_BODY = YES;
				CLANG_WARN_ENUM_CONVERSION = YES;
				CLANG_WARN_INFINITE_RECURSION = YES;
				CLANG_WARN_INT_CONVERSION = YES;
				CLANG_WARN_NON_LITERAL_NULL_CONVERSION = YES;
				CLANG_WARN_OBJC_IMPLICIT_RETAIN_SELF = YES;
				CLANG_WARN_OBJC_LITERAL_CONVERSION = YES;
				CLANG_WARN_OBJC_ROOT_CLASS = YES_ERROR;
				CLANG_WARN_QUOTED_INCLUDE_IN_FRAMEWORK_HEADER = YES;
				CLANG_WARN_RANGE_LOOP_ANALYSIS = YES;
				CLANG_WARN_STRICT_PROTOTYPES = YES;
				CLANG_WARN_SUSPICIOUS_MOVE = YES;
				CLANG_WARN_UNGUARDED_AVAILABILITY = YES_AGGRESSIVE;
				CLANG_WARN_UNREACHABLE_CODE = YES;
				CLANG_WARN__DUPLICATE_METHOD_MATCH = YES;
				COPY_PHASE_STRIP = NO;
				DEBUG_INFORMATION_FORMAT = dwarf;
				ENABLE_STRICT_OBJC_MSGSEND = YES;
				ENABLE_TESTABILITY = YES;
				ENABLE_USER_SCRIPT_SANDBOXING = YES;
				GCC_C_LANGUAGE_STANDARD = gnu17;
				GCC_DYNAMIC_NO_PIC = NO;
				GCC_NO_COMMON_BLOCKS = YES;
				GCC_OPTIMIZATION_LEVEL = 0;
				GCC_PREPROCESSOR_DEFINITIONS = (
					"DEBUG=1",
					"$(inherited)",
				);
				GCC_WARN_64_TO_32_BIT_CONVERSION = YES;
				GCC_WARN_ABOUT_RETURN_TYPE = YES_ERROR;
				GCC_WARN_UNDECLARED_SELECTOR = YES;
				GCC_WARN_UNINITIALIZED_AUTOS = YES_AGGRESSIVE;
				GCC_WARN_UNUSED_FUNCTION = YES;
				GCC_WARN_UNUSED_VARIABLE = YES;
				LOCALIZATION_PREFERS_STRING_CATALOGS = YES;
				MTL_ENABLE_DEBUG_INFO = INCLUDE_SOURCE;
				MTL_FAST_MATH = YES;
				ONLY_ACTIVE_ARCH = YES;
				SWIFT_ACTIVE_COMPILATION_CONDITIONS = "DEBUG $(inherited)";
				SWIFT_OPTIMIZATION_LEVEL = "-Onone";
			};
			name = Debug;
		};
		4F807AA93000D9E30043AC81 /* Release */ = {
			isa = XCBuildConfiguration;
			buildSettings = {
				ALWAYS_SEARCH_USER_PATHS = NO;
				ASSETCATALOG_COMPILER_GENERATE_SWIFT_ASSET_SYMBOL_EXTENSIONS = YES;
				CLANG_ANALYZER_NONNULL = YES;
				CLANG_ANALYZER_NUMBER_OBJECT_CONVERSION = YES_AGGRESSIVE;
				CLANG_CXX_LANGUAGE_STANDARD = "gnu++20";
				CLANG_ENABLE_MODULES = YES;
				CLANG_ENABLE_OBJC_ARC = YES;
				CLANG_ENABLE_OBJC_WEAK = YES;
				CLANG_WARN_BLOCK_CAPTURE_AUTORELEASING = YES;
				CLANG_WARN_BOOL_CONVERSION = YES;
				CLANG_WARN_COMMA = YES;
				CLANG_WARN_CONSTANT_CONVERSION = YES;
				CLANG_WARN_DEPRECATED_OBJC_IMPLEMENTATIONS = YES;
				CLANG_WARN_DIRECT_OBJC_ISA_USAGE = YES_ERROR;
				CLANG_WARN_DOCUMENTATION_COMMENTS = YES;
				CLANG_WARN_EMPTY_BODY = YES;
				CLANG_WARN_ENUM_CONVERSION = YES;
				CLANG_WARN_INFINITE_RECURSION = YES;
				CLANG_WARN_INT_CONVERSION = YES;
				CLANG_WARN_NON_LITERAL_NULL_CONVERSION = YES;
				CLANG_WARN_OBJC_IMPLICIT_RETAIN_SELF = YES;
				CLANG_WARN_OBJC_LITERAL_CONVERSION = YES;
				CLANG_WARN_OBJC_ROOT_CLASS = YES_ERROR;
				CLANG_WARN_QUOTED_INCLUDE_IN_FRAMEWORK_HEADER = YES;
				CLANG_WARN_RANGE_LOOP_ANALYSIS = YES;
				CLANG_WARN_STRICT_PROTOTYPES = YES;
				CLANG_WARN_SUSPICIOUS_MOVE = YES;
				CLANG_WARN_UNGUARDED_AVAILABILITY = YES_AGGRESSIVE;
				CLANG_WARN_UNREACHABLE_CODE = YES;
				CLANG_WARN__DUPLICATE_METHOD_MATCH = YES;
				COPY_PHASE_STRIP = NO;
				DEBUG_INFORMATION_FORMAT = "dwarf-with-dsym";
				ENABLE_NS_ASSERTIONS = NO;
				ENABLE_STRICT_OBJC_MSGSEND = YES;
				ENABLE_USER_SCRIPT_SANDBOXING = YES;
				GCC_C_LANGUAGE_STANDARD = gnu17;
				GCC_NO_COMMON_BLOCKS = YES;
				GCC_WARN_64_TO_32_BIT_CONVERSION = YES;
				GCC_WARN_ABOUT_RETURN_TYPE = YES_ERROR;
				GCC_WARN_UNDECLARED_SELECTOR = YES;
				GCC_WARN_UNINITIALIZED_AUTOS = YES_AGGRESSIVE;
				GCC_WARN_UNUSED_FUNCTION = YES;
				GCC_WARN_UNUSED_VARIABLE = YES;
				LOCALIZATION_PREFERS_STRING_CATALOGS = YES;
				MTL_ENABLE_DEBUG_INFO = NO;
				MTL_FAST_MATH = YES;
				SWIFT_COMPILATION_MODE = wholemodule;
			};
			name = Release;
		};
		4F807AAB3000D9E30043AC81 /* Debug */ = {
			isa = XCBuildConfiguration;
			buildSettings = {
				CODE_SIGN_ENTITLEMENTS = "iOS (Extension)/VitaFocusExtension.entitlements";
				CODE_SIGN_STYLE = Automatic;
				CURRENT_PROJECT_VERSION = 6;
				DEVELOPMENT_TEAM = 655542C66J;
				GENERATE_INFOPLIST_FILE = YES;
				INFOPLIST_FILE = "iOS (Extension)/Info.plist";
				INFOPLIST_KEY_CFBundleDisplayName = "Vita Focus Extension";
				INFOPLIST_KEY_NSHumanReadableCopyright = "";
				IPHONEOS_DEPLOYMENT_TARGET = 15.0;
				LD_RUNPATH_SEARCH_PATHS = (
					"$(inherited)",
					"@executable_path/Frameworks",
					"@executable_path/../../Frameworks",
				);
				MARKETING_VERSION = 0.30.10;
				OTHER_LDFLAGS = (
					"-framework",
					SafariServices,
				);
				PRODUCT_BUNDLE_IDENTIFIER = ru.vitadots.focus.Extension;
				PRODUCT_NAME = "Vita Focus Extension";
				REGISTER_APP_GROUPS = YES;
				SDKROOT = iphoneos;
				SKIP_INSTALL = YES;
				STRING_CATALOG_GENERATE_SYMBOLS = YES;
				SWIFT_APPROACHABLE_CONCURRENCY = YES;
				SWIFT_EMIT_LOC_STRINGS = YES;
				SWIFT_UPCOMING_FEATURE_MEMBER_IMPORT_VISIBILITY = YES;
				SWIFT_VERSION = 5.0;
				TARGETED_DEVICE_FAMILY = "1,2";
			};
			name = Debug;
		};
		4F807AAC3000D9E30043AC81 /* Release */ = {
			isa = XCBuildConfiguration;
			buildSettings = {
				CODE_SIGN_ENTITLEMENTS = "iOS (Extension)/VitaFocusExtension.entitlements";
				CODE_SIGN_STYLE = Automatic;
				CURRENT_PROJECT_VERSION = 6;
				DEVELOPMENT_TEAM = 655542C66J;
				GENERATE_INFOPLIST_FILE = YES;
				INFOPLIST_FILE = "iOS (Extension)/Info.plist";
				INFOPLIST_KEY_CFBundleDisplayName = "Vita Focus Extension";
				INFOPLIST_KEY_NSHumanReadableCopyright = "";
				IPHONEOS_DEPLOYMENT_TARGET = 15.0;
				LD_RUNPATH_SEARCH_PATHS = (
					"$(inherited)",
					"@executable_path/Frameworks",
					"@executable_path/../../Frameworks",
				);
				MARKETING_VERSION = 0.30.10;
				OTHER_LDFLAGS = (
					"-framework",
					SafariServices,
				);
				PRODUCT_BUNDLE_IDENTIFIER = ru.vitadots.focus.Extension;
				PRODUCT_NAME = "Vita Focus Extension";
				REGISTER_APP_GROUPS = YES;
				SDKROOT = iphoneos;
				SKIP_INSTALL = YES;
				STRING_CATALOG_GENERATE_SYMBOLS = YES;
				SWIFT_APPROACHABLE_CONCURRENCY = YES;
				SWIFT_EMIT_LOC_STRINGS = YES;
				SWIFT_UPCOMING_FEATURE_MEMBER_IMPORT_VISIBILITY = YES;
				SWIFT_VERSION = 5.0;
				TARGETED_DEVICE_FAMILY = "1,2";
				VALIDATE_PRODUCT = YES;
			};
			name = Release;
		};
		4F807AAF3000D9E30043AC81 /* Debug */ = {
			isa = XCBuildConfiguration;
			buildSettings = {
				ASSETCATALOG_COMPILER_APPICON_NAME = AppIcon;
				ASSETCATALOG_COMPILER_GLOBAL_ACCENT_COLOR_NAME = AccentColor;
				CODE_SIGN_ENTITLEMENTS = "iOS (App)/VitaFocus.entitlements";
				CODE_SIGN_IDENTITY = "Apple Development";
				CODE_SIGN_STYLE = Automatic;
				CURRENT_PROJECT_VERSION = 6;
				DEVELOPMENT_TEAM = 655542C66J;
				GENERATE_INFOPLIST_FILE = YES;
				INFOPLIST_FILE = "iOS (App)/Info.plist";
				INFOPLIST_KEY_CFBundleDisplayName = "Vita Focus";
				INFOPLIST_KEY_ITSAppUsesNonExemptEncryption = NO;
				INFOPLIST_KEY_UIApplicationSupportsIndirectInputEvents = YES;
				INFOPLIST_KEY_UILaunchStoryboardName = LaunchScreen;
				INFOPLIST_KEY_UIMainStoryboardFile = Main;
				INFOPLIST_KEY_UISupportedInterfaceOrientations = "UIInterfaceOrientationPortrait UIInterfaceOrientationLandscapeLeft UIInterfaceOrientationLandscapeRight";
				INFOPLIST_KEY_UISupportedInterfaceOrientations_iPad = "UIInterfaceOrientationPortrait UIInterfaceOrientationPortraitUpsideDown UIInterfaceOrientationLandscapeLeft UIInterfaceOrientationLandscapeRight";
				IPHONEOS_DEPLOYMENT_TARGET = 15.0;
				LD_RUNPATH_SEARCH_PATHS = (
					"$(inherited)",
					"@executable_path/Frameworks",
				);
				MARKETING_VERSION = 0.30.10;
				OTHER_LDFLAGS = (
					"-framework",
					SafariServices,
					"-framework",
					WebKit,
				);
				PRODUCT_BUNDLE_IDENTIFIER = ru.vitadots.focus;
				PRODUCT_NAME = "Vita Focus";
				REGISTER_APP_GROUPS = YES;
				SDKROOT = iphoneos;
				STRING_CATALOG_GENERATE_SYMBOLS = YES;
				SWIFT_APPROACHABLE_CONCURRENCY = YES;
				SWIFT_DEFAULT_ACTOR_ISOLATION = MainActor;
				SWIFT_EMIT_LOC_STRINGS = YES;
				SWIFT_UPCOMING_FEATURE_MEMBER_IMPORT_VISIBILITY = YES;
				SWIFT_VERSION = 5.0;
				TARGETED_DEVICE_FAMILY = "1,2";
			};
			name = Debug;
		};
		4F807AB03000D9E30043AC81 /* Release */ = {
			isa = XCBuildConfiguration;
			buildSettings = {
				ASSETCATALOG_COMPILER_APPICON_NAME = AppIcon;
				ASSETCATALOG_COMPILER_GLOBAL_ACCENT_COLOR_NAME = AccentColor;
				CODE_SIGN_ENTITLEMENTS = "iOS (App)/VitaFocus.entitlements";
				CODE_SIGN_STYLE = Automatic;
				CURRENT_PROJECT_VERSION = 6;
				DEVELOPMENT_TEAM = 655542C66J;
				GENERATE_INFOPLIST_FILE = YES;
				INFOPLIST_FILE = "iOS (App)/Info.plist";
				INFOPLIST_KEY_CFBundleDisplayName = "Vita Focus";
				INFOPLIST_KEY_ITSAppUsesNonExemptEncryption = NO;
				INFOPLIST_KEY_UIApplicationSupportsIndirectInputEvents = YES;
				INFOPLIST_KEY_UILaunchStoryboardName = LaunchScreen;
				INFOPLIST_KEY_UIMainStoryboardFile = Main;
				INFOPLIST_KEY_UISupportedInterfaceOrientations = "UIInterfaceOrientationPortrait UIInterfaceOrientationLandscapeLeft UIInterfaceOrientationLandscapeRight";
				INFOPLIST_KEY_UISupportedInterfaceOrientations_iPad = "UIInterfaceOrientationPortrait UIInterfaceOrientationPortraitUpsideDown UIInterfaceOrientationLandscapeLeft UIInterfaceOrientationLandscapeRight";
				IPHONEOS_DEPLOYMENT_TARGET = 15.0;
				LD_RUNPATH_SEARCH_PATHS = (
					"$(inherited)",
					"@executable_path/Frameworks",
				);
				MARKETING_VERSION = 0.30.10;
				OTHER_LDFLAGS = (
					"-framework",
					SafariServices,
					"-framework",
					WebKit,
				);
				PRODUCT_BUNDLE_IDENTIFIER = ru.vitadots.focus;
				PRODUCT_NAME = "Vita Focus";
				REGISTER_APP_GROUPS = YES;
				SDKROOT = iphoneos;
				STRING_CATALOG_GENERATE_SYMBOLS = YES;
				SWIFT_APPROACHABLE_CONCURRENCY = YES;
				SWIFT_DEFAULT_ACTOR_ISOLATION = MainActor;
				SWIFT_EMIT_LOC_STRINGS = YES;
				SWIFT_UPCOMING_FEATURE_MEMBER_IMPORT_VISIBILITY = YES;
				SWIFT_VERSION = 5.0;
				TARGETED_DEVICE_FAMILY = "1,2";
				VALIDATE_PRODUCT = YES;
			};
			name = Release;
		};
		4F807AB23000D9E30043AC81 /* Debug */ = {
			isa = XCBuildConfiguration;
			buildSettings = {
				CODE_SIGN_STYLE = Automatic;
				CURRENT_PROJECT_VERSION = 6;
				ENABLE_APP_SANDBOX = YES;
				ENABLE_HARDENED_RUNTIME = YES;
				ENABLE_USER_SELECTED_FILES = readonly;
				GENERATE_INFOPLIST_FILE = YES;
				INFOPLIST_FILE = "macOS (Extension)/Info.plist";
				INFOPLIST_KEY_CFBundleDisplayName = "Vita Focus Extension";
				INFOPLIST_KEY_NSHumanReadableCopyright = "";
				LD_RUNPATH_SEARCH_PATHS = (
					"$(inherited)",
					"@executable_path/../Frameworks",
					"@executable_path/../../../../Frameworks",
				);
				MACOSX_DEPLOYMENT_TARGET = 10.14;
				MARKETING_VERSION = 0.30.10;
				OTHER_LDFLAGS = (
					"-framework",
					SafariServices,
				);
				PRODUCT_BUNDLE_IDENTIFIER = ru.vitadots.focus.Extension;
				PRODUCT_NAME = "Vita Focus Extension";
				SDKROOT = macosx;
				SKIP_INSTALL = YES;
				STRING_CATALOG_GENERATE_SYMBOLS = YES;
				SWIFT_APPROACHABLE_CONCURRENCY = YES;
				SWIFT_EMIT_LOC_STRINGS = YES;
				SWIFT_UPCOMING_FEATURE_MEMBER_IMPORT_VISIBILITY = YES;
				SWIFT_VERSION = 5.0;
			};
			name = Debug;
		};
		4F807AB33000D9E30043AC81 /* Release */ = {
			isa = XCBuildConfiguration;
			buildSettings = {
				CODE_SIGN_STYLE = Automatic;
				CURRENT_PROJECT_VERSION = 6;
				ENABLE_APP_SANDBOX = YES;
				ENABLE_HARDENED_RUNTIME = YES;
				ENABLE_USER_SELECTED_FILES = readonly;
				GENERATE_INFOPLIST_FILE = YES;
				INFOPLIST_FILE = "macOS (Extension)/Info.plist";
				INFOPLIST_KEY_CFBundleDisplayName = "Vita Focus Extension";
				INFOPLIST_KEY_NSHumanReadableCopyright = "";
				LD_RUNPATH_SEARCH_PATHS = (
					"$(inherited)",
					"@executable_path/../Frameworks",
					"@executable_path/../../../../Frameworks",
				);
				MACOSX_DEPLOYMENT_TARGET = 10.14;
				MARKETING_VERSION = 0.30.10;
				OTHER_LDFLAGS = (
					"-framework",
					SafariServices,
				);
				PRODUCT_BUNDLE_IDENTIFIER = ru.vitadots.focus.Extension;
				PRODUCT_NAME = "Vita Focus Extension";
				SDKROOT = macosx;
				SKIP_INSTALL = YES;
				STRING_CATALOG_GENERATE_SYMBOLS = YES;
				SWIFT_APPROACHABLE_CONCURRENCY = YES;
				SWIFT_EMIT_LOC_STRINGS = YES;
				SWIFT_UPCOMING_FEATURE_MEMBER_IMPORT_VISIBILITY = YES;
				SWIFT_VERSION = 5.0;
			};
			name = Release;
		};
		4F807AB63000D9E30043AC81 /* Debug */ = {
			isa = XCBuildConfiguration;
			buildSettings = {
				ASSETCATALOG_COMPILER_APPICON_NAME = AppIcon;
				ASSETCATALOG_COMPILER_GLOBAL_ACCENT_COLOR_NAME = AccentColor;
				CODE_SIGN_STYLE = Automatic;
				CURRENT_PROJECT_VERSION = 6;
				ENABLE_APP_SANDBOX = YES;
				ENABLE_HARDENED_RUNTIME = YES;
				ENABLE_OUTGOING_NETWORK_CONNECTIONS = YES;
				ENABLE_USER_SELECTED_FILES = readonly;
				GENERATE_INFOPLIST_FILE = YES;
				INFOPLIST_FILE = "macOS (App)/Info.plist";
				INFOPLIST_KEY_CFBundleDisplayName = "Vita Focus";
				INFOPLIST_KEY_NSMainStoryboardFile = Main;
				INFOPLIST_KEY_NSPrincipalClass = NSApplication;
				LD_RUNPATH_SEARCH_PATHS = (
					"$(inherited)",
					"@executable_path/../Frameworks",
				);
				MACOSX_DEPLOYMENT_TARGET = 10.14;
				MARKETING_VERSION = 0.30.10;
				OTHER_LDFLAGS = (
					"-framework",
					SafariServices,
					"-framework",
					WebKit,
				);
				PRODUCT_BUNDLE_IDENTIFIER = ru.vitadots.focus;
				PRODUCT_NAME = "Vita Focus";
				REGISTER_APP_GROUPS = YES;
				SDKROOT = macosx;
				STRING_CATALOG_GENERATE_SYMBOLS = YES;
				SWIFT_APPROACHABLE_CONCURRENCY = YES;
				SWIFT_DEFAULT_ACTOR_ISOLATION = MainActor;
				SWIFT_EMIT_LOC_STRINGS = YES;
				SWIFT_UPCOMING_FEATURE_MEMBER_IMPORT_VISIBILITY = YES;
				SWIFT_VERSION = 5.0;
			};
			name = Debug;
		};
		4F807AB73000D9E30043AC81 /* Release */ = {
			isa = XCBuildConfiguration;
			buildSettings = {
				ASSETCATALOG_COMPILER_APPICON_NAME = AppIcon;
				ASSETCATALOG_COMPILER_GLOBAL_ACCENT_COLOR_NAME = AccentColor;
				CODE_SIGN_STYLE = Automatic;
				CURRENT_PROJECT_VERSION = 6;
				ENABLE_APP_SANDBOX = YES;
				ENABLE_HARDENED_RUNTIME = YES;
				ENABLE_OUTGOING_NETWORK_CONNECTIONS = YES;
				ENABLE_USER_SELECTED_FILES = readonly;
				GENERATE_INFOPLIST_FILE = YES;
				INFOPLIST_FILE = "macOS (App)/Info.plist";
				INFOPLIST_KEY_CFBundleDisplayName = "Vita Focus";
				INFOPLIST_KEY_NSMainStoryboardFile = Main;
				INFOPLIST_KEY_NSPrincipalClass = NSApplication;
				LD_RUNPATH_SEARCH_PATHS = (
					"$(inherited)",
					"@executable_path/../Frameworks",
				);
				MACOSX_DEPLOYMENT_TARGET = 10.14;
				MARKETING_VERSION = 0.30.10;
				OTHER_LDFLAGS = (
					"-framework",
					SafariServices,
					"-framework",
					WebKit,
				);
				PRODUCT_BUNDLE_IDENTIFIER = ru.vitadots.focus;
				PRODUCT_NAME = "Vita Focus";
				REGISTER_APP_GROUPS = YES;
				SDKROOT = macosx;
				STRING_CATALOG_GENERATE_SYMBOLS = YES;
				SWIFT_APPROACHABLE_CONCURRENCY = YES;
				SWIFT_DEFAULT_ACTOR_ISOLATION = MainActor;
				SWIFT_EMIT_LOC_STRINGS = YES;
				SWIFT_UPCOMING_FEATURE_MEMBER_IMPORT_VISIBILITY = YES;
				SWIFT_VERSION = 5.0;
			};
			name = Release;
		};
		4F807ADB000D9E30043AC81 /* Debug */ = {
			isa = XCBuildConfiguration;
			buildSettings = {
				CODE_SIGN_ENTITLEMENTS = "iOS (Widget)/VitaFocusWidget.entitlements";
				CODE_SIGN_IDENTITY = "Apple Development";
				CODE_SIGN_STYLE = Automatic;
				CURRENT_PROJECT_VERSION = 6;
				DEVELOPMENT_TEAM = 655542C66J;
				GENERATE_INFOPLIST_FILE = YES;
				INFOPLIST_FILE = "iOS (Widget)/Info.plist";
				INFOPLIST_KEY_CFBundleDisplayName = "Vita Focus Widget";
				INFOPLIST_KEY_NSHumanReadableCopyright = "";
				IPHONEOS_DEPLOYMENT_TARGET = 15.0;
				LD_RUNPATH_SEARCH_PATHS = (
					"$(inherited)",
					"@executable_path/Frameworks",
					"@executable_path/../../Frameworks",
				);
				MARKETING_VERSION = 0.30.10;
				PRODUCT_BUNDLE_IDENTIFIER = ru.vitadots.focus.widget;
				PRODUCT_NAME = "Vita Focus Widget";
				REGISTER_APP_GROUPS = YES;
				SDKROOT = iphoneos;
				SKIP_INSTALL = YES;
				SWIFT_EMIT_LOC_STRINGS = YES;
				SWIFT_VERSION = 5.0;
				TARGETED_DEVICE_FAMILY = "1,2";
			};
			name = Debug;
		};
		4F807ADC000D9E30043AC81 /* Release */ = {
			isa = XCBuildConfiguration;
			buildSettings = {
				CODE_SIGN_ENTITLEMENTS = "iOS (Widget)/VitaFocusWidget.entitlements";
				CODE_SIGN_STYLE = Automatic;
				CURRENT_PROJECT_VERSION = 6;
				DEVELOPMENT_TEAM = 655542C66J;
				GENERATE_INFOPLIST_FILE = YES;
				INFOPLIST_FILE = "iOS (Widget)/Info.plist";
				INFOPLIST_KEY_CFBundleDisplayName = "Vita Focus Widget";
				INFOPLIST_KEY_NSHumanReadableCopyright = "";
				IPHONEOS_DEPLOYMENT_TARGET = 15.0;
				LD_RUNPATH_SEARCH_PATHS = (
					"$(inherited)",
					"@executable_path/Frameworks",
					"@executable_path/../../Frameworks",
				);
				MARKETING_VERSION = 0.30.10;
				PRODUCT_BUNDLE_IDENTIFIER = ru.vitadots.focus.widget;
				PRODUCT_NAME = "Vita Focus Widget";
				REGISTER_APP_GROUPS = YES;
				SDKROOT = iphoneos;
				SKIP_INSTALL = YES;
				SWIFT_EMIT_LOC_STRINGS = YES;
				SWIFT_VERSION = 5.0;
				TARGETED_DEVICE_FAMILY = "1,2";
				VALIDATE_PRODUCT = YES;
			};
			name = Release;
		};
/* End XCBuildConfiguration section */

/* Begin XCConfigurationList section */
		4F807A5C3000D9E10043AC81 /* Build configuration list for PBXProject "Vita Focus" */ = {
			isa = XCConfigurationList;
			buildConfigurations = (
				4F807AA83000D9E30043AC81 /* Debug */,
				4F807AA93000D9E30043AC81 /* Release */,
			);
			defaultConfigurationIsVisible = 0;
			defaultConfigurationName = Release;
		};
		4F807AAA3000D9E30043AC81 /* Build configuration list for PBXNativeTarget "Vita Focus Extension (iOS)" */ = {
			isa = XCConfigurationList;
			buildConfigurations = (
				4F807AAB3000D9E30043AC81 /* Debug */,
				4F807AAC3000D9E30043AC81 /* Release */,
			);
			defaultConfigurationIsVisible = 0;
			defaultConfigurationName = Release;
		};
		4F807AAE3000D9E30043AC81 /* Build configuration list for PBXNativeTarget "Vita Focus (iOS)" */ = {
			isa = XCConfigurationList;
			buildConfigurations = (
				4F807AAF3000D9E30043AC81 /* Debug */,
				4F807AB03000D9E30043AC81 /* Release */,
			);
			defaultConfigurationIsVisible = 0;
			defaultConfigurationName = Release;
		};
		4F807AB13000D9E30043AC81 /* Build configuration list for PBXNativeTarget "Vita Focus Extension (macOS)" */ = {
			isa = XCConfigurationList;
			buildConfigurations = (
				4F807AB23000D9E30043AC81 /* Debug */,
				4F807AB33000D9E30043AC81 /* Release */,
			);
			defaultConfigurationIsVisible = 0;
			defaultConfigurationName = Release;
		};
		4F807AB53000D9E30043AC81 /* Build configuration list for PBXNativeTarget "Vita Focus (macOS)" */ = {
			isa = XCConfigurationList;
			buildConfigurations = (
				4F807AB63000D9E30043AC81 /* Debug */,
				4F807AB73000D9E30043AC81 /* Release */,
			);
			defaultConfigurationIsVisible = 0;
			defaultConfigurationName = Release;
		};
		4F807ADA000D9E30043AC81 /* Build configuration list for PBXNativeTarget "Vita Focus Widget (iOS)" */ = {
			isa = XCConfigurationList;
			buildConfigurations = (
				4F807ADB000D9E30043AC81 /* Debug */,
				4F807ADC000D9E30043AC81 /* Release */,
			);
			defaultConfigurationIsVisible = 0;
			defaultConfigurationName = Release;
		};
/* End XCConfigurationList section */
	};
	rootObject = 4F807A593000D9E10043AC81 /* Project object */;
}
